
Microsoft Visual Studio Solution File, Format Version 12.00
# Visual Studio 15
VisualStudioVersion = 15.0.27428.2005
MinimumVisualStudioVersion = 10.0.40219.1
Project("{FAE04EC0-301F-11D3-BF4B-00C04F79EFBC}") = "WebApplication2", "WebApplication2\WebApplication2.csproj", "{5DAEC42C-261F-478D-A3CA-156D0F14CEA2}"
EndProject
Global
	GlobalSection(SolutionConfigurationPlatforms) = preSolution
		Debug|Any CPU = Debug|Any CPU
		Release|Any CPU = Release|Any CPU
	EndGlobalSection
	GlobalSection(ProjectConfigurationPlatforms) = postSolution
		{5DAEC42C-261F-478D-A3CA-156D0F14CEA2}.Debug|Any CPU.ActiveCfg = Debug|Any CPU
		{5DAEC42C-261F-478D-A3CA-156D0F14CEA2}.Debug|Any CPU.Build.0 = Debug|Any CPU
		{5DAEC42C-261F-478D-A3CA-156D0F14CEA2}.Release|Any CPU.ActiveCfg = Release|Any CPU
		{5DAEC42C-261F-478D-A3CA-156D0F14CEA2}.Release|Any CPU.Build.0 = Release|Any CPU
	EndGlobalSection
	GlobalSection(SolutionProperties) = preSolution
		HideSolutionNode = FALSE
	EndGlobalSection
	GlobalSection(ExtensibilityGlobals) = postSolution
		SolutionGuid = {BF2E9C24-259B-43B3-A09B-586239193EA1}
	EndGlobalSection
EndGlobal
